
Microsoft Visual Studio Solution File, Format Version 12.00
# Visual Studio 15
VisualStudioVersion = 15.0.27130.2010
MinimumVisualStudioVersion = 10.0.40219.1
Project("{2150E333-8FDC-42A3-9474-1A3956D46DE8}") = "Solution Items", "Solution Items", "{8532745E-28BA-4694-AE37-242864D9A26E}"
	ProjectSection(SolutionItems) = preProject
		README.md = README.md
	EndProjectSection
EndProject
Project("{9A19103F-16F7-4668-BE54-9A1E7A4F7556}") = "CardGamesTest", "CardGamesTest\CardGamesTest.csproj", "{F43E4AC1-923B-4A02-842E-6FA3D12D92C8}"
EndProject
Project("{9A19103F-16F7-4668-BE54-9A1E7A4F7556}") = "CardGamesLibrary", "CardGamesLibrary\CardGamesLibrary.csproj", "{1486B41B-C7F4-4287-8958-2E2E7AA75F59}"
EndProject
Project("{FAE04EC0-301F-11D3-BF4B-00C04F79EFBC}") = "SnapLibrary", "SnapLibrary\SnapLibrary.csproj", "{55D7684F-E22F-4B63-848D-83213386B063}"
EndProject
Project("{FAE04EC0-301F-11D3-BF4B-00C04F79EFBC}") = "SnapConsole", "SnapConsole\SnapConsole.csproj", "{185BF4D3-FCCD-47F8-8928-B4D1EB71516D}"
EndProject
Global
	GlobalSection(SolutionConfigurationPlatforms) = preSolution
		Debug|Any CPU = Debug|Any CPU
		Release|Any CPU = Release|Any CPU
	EndGlobalSection
	GlobalSection(ProjectConfigurationPlatforms) = postSolution
		{F43E4AC1-923B-4A02-842E-6FA3D12D92C8}.Debug|Any CPU.ActiveCfg = Debug|Any CPU
		{F43E4AC1-923B-4A02-842E-6FA3D12D92C8}.Debug|Any CPU.Build.0 = Debug|Any CPU
		{F43E4AC1-923B-4A02-842E-6FA3D12D92C8}.Release|Any CPU.ActiveCfg = Release|Any CPU
		{F43E4AC1-923B-4A02-842E-6FA3D12D92C8}.Release|Any CPU.Build.0 = Release|Any CPU
		{1486B41B-C7F4-4287-8958-2E2E7AA75F59}.Debug|Any CPU.ActiveCfg = Debug|Any CPU
		{1486B41B-C7F4-4287-8958-2E2E7AA75F59}.Debug|Any CPU.Build.0 = Debug|Any CPU
		{1486B41B-C7F4-4287-8958-2E2E7AA75F59}.Release|Any CPU.ActiveCfg = Release|Any CPU
		{1486B41B-C7F4-4287-8958-2E2E7AA75F59}.Release|Any CPU.Build.0 = Release|Any CPU
		{55D7684F-E22F-4B63-848D-83213386B063}.Debug|Any CPU.ActiveCfg = Debug|Any CPU
		{55D7684F-E22F-4B63-848D-83213386B063}.Debug|Any CPU.Build.0 = Debug|Any CPU
		{55D7684F-E22F-4B63-848D-83213386B063}.Release|Any CPU.ActiveCfg = Release|Any CPU
		{55D7684F-E22F-4B63-848D-83213386B063}.Release|Any CPU.Build.0 = Release|Any CPU
		{185BF4D3-FCCD-47F8-8928-B4D1EB71516D}.Debug|Any CPU.ActiveCfg = Debug|Any CPU
		{185BF4D3-FCCD-47F8-8928-B4D1EB71516D}.Debug|Any CPU.Build.0 = Debug|Any CPU
		{185BF4D3-FCCD-47F8-8928-B4D1EB71516D}.Release|Any CPU.ActiveCfg = Release|Any CPU
		{185BF4D3-FCCD-47F8-8928-B4D1EB71516D}.Release|Any CPU.Build.0 = Release|Any CPU
	EndGlobalSection
	GlobalSection(SolutionProperties) = preSolution
		HideSolutionNode = FALSE
	EndGlobalSection
	GlobalSection(ExtensibilityGlobals) = postSolution
		SolutionGuid = {AC3BE381-0CD0-4DD6-B628-7F45F25CD637}
	EndGlobalSection
EndGlobal
